// !$*UTF8*$!
{
	archiveVersion = 1;
	classes = {
	};
	objectVersion = 56;
	objects = {

/* Begin PBXBuildFile section */
		6851E43C299CD75D000B5EEF /* AppDelegate.swift in Sources */ = {isa = PBXBuildFile; fileRef = 6851E43B299CD75D000B5EEF /* AppDelegate.swift */; };
		6851E43E299CD75D000B5EEF /* SceneDelegate.swift in Sources */ = {isa = PBXBuildFile; fileRef = 6851E43D299CD75D000B5EEF /* SceneDelegate.swift */; };
		6851E440299CD75D000B5EEF /* ViewController.swift in Sources */ = {isa = PBXBuildFile; fileRef = 6851E43F299CD75D000B5EEF /* ViewController.swift */; };
		6851E443299CD75D000B5EEF /* Main.storyboard in Resources */ = {isa = PBXBuildFile; fileRef = 6851E441299CD75D000B5EEF /* Main.storyboard */; };
		6851E445299CD75F000B5EEF /* Assets.xcassets in Resources */ = {isa = PBXBuildFile; fileRef = 6851E444299CD75F000B5EEF /* Assets.xcassets */; };
		6851E448299CD75F000B5EEF /* LaunchScreen.storyboard in Resources */ = {isa = PBXBuildFile; fileRef = 6851E446299CD75F000B5EEF /* LaunchScreen.storyboard */; };
		6851E450299CD7ED000B5EEF /* Product.swift in Sources */ = {isa = PBXBuildFile; fileRef = 6851E44F299CD7ED000B5EEF /* Product.swift */; };
		6851E452299CE1CF000B5EEF /* Post.swift in Sources */ = {isa = PBXBuildFile; fileRef = 6851E451299CE1CF000B5EEF /* Post.swift */; };
		6851E454299CE25C000B5EEF /* PostViewController.swift in Sources */ = {isa = PBXBuildFile; fileRef = 6851E453299CE25C000B5EEF /* PostViewController.swift */; };
/* End PBXBuildFile section */

/* Begin PBXFileReference section */
		6851E438299CD75D000B5EEF /* 02_01_2023_JSONSerialization_NestedAPIVersion2.app */ = {isa = PBXFileReference; explicitFileType = wrapper.application; includeInIndex = 0; path = 02_01_2023_JSONSerialization_NestedAPIVersion2.app; sourceTree = BUILT_PRODUCTS_DIR; };
		6851E43B299CD75D000B5EEF /* AppDelegate.swift */ = {isa = PBXFileReference; lastKnownFileType = sourcecode.swift; path = AppDelegate.swift; sourceTree = "<group>"; };
		6851E43D299CD75D000B5EEF /* SceneDelegate.swift */ = {isa = PBXFileReference; lastKnownFileType = sourcecode.swift; path = SceneDelegate.swift; sourceTree = "<group>"; };
		6851E43F299CD75D000B5EEF /* ViewController.swift */ = {isa = PBXFileReference; lastKnownFileType = sourcecode.swift; path = ViewController.swift; sourceTree = "<group>"; };
		6851E442299CD75D000B5EEF /* Base */ = {isa = PBXFileReference; lastKnownFileType = file.storyboard; name = Base; path = Base.lproj/Main.storyboard; sourceTree = "<group>"; };
		6851E444299CD75F000B5EEF /* Assets.xcassets */ = {isa = PBXFileReference; lastKnownFileType = folder.assetcatalog; path = Assets.xcassets; sourceTree = "<group>"; };
		6851E447299CD75F000B5EEF /* Base */ = {isa = PBXFileReference; lastKnownFileType = file.storyboard; name = Base; path = Base.lproj/LaunchScreen.storyboard; sourceTree = "<group>"; };
		6851E449299CD75F000B5EEF /* Info.plist */ = {isa = PBXFileReference; lastKnownFileType = text.plist.xml; path = Info.plist; sourceTree = "<group>"; };
		6851E44F299CD7ED000B5EEF /* Product.swift */ = {isa = PBXFileReference; lastKnownFileType = sourcecode.swift; path = Product.swift; sourceTree = "<group>"; };
		6851E451299CE1CF000B5EEF /* Post.swift */ = {isa = PBXFileReference; lastKnownFileType = sourcecode.swift; path = Post.swift; sourceTree = "<group>"; };
		6851E453299CE25C000B5EEF /* PostViewController.swift */ = {isa = PBXFileReference; lastKnownFileType = sourcecode.swift; path = PostViewController.swift; sourceTree = "<group>"; };
/* End PBXFileReference section */

/* Begin PBXFrameworksBuildPhase section */
		6851E435299CD75D000B5EEF /* Frameworks */ = {
			isa = PBXFrameworksBuildPhase;
			buildActionMask = 2147483647;
			files = (
			);
			runOnlyForDeploymentPostprocessing = 0;
		};
/* End PBXFrameworksBuildPhase section */

/* Begin PBXGroup section */
		6851E42F299CD75D000B5EEF = {
			isa = PBXGroup;
			children = (
				6851E43A299CD75D000B5EEF /* 02_01_2023_JSONSerialization_NestedAPIVersion2 */,
				6851E439299CD75D000B5EEF /* Products */,
			);
			sourceTree = "<group>";
		};
		6851E439299CD75D000B5EEF /* Products */ = {
			isa = PBXGroup;
			children = (
				6851E438299CD75D000B5EEF /* 02_01_2023_JSONSerialization_NestedAPIVersion2.app */,
			);
			name = Products;
			sourceTree = "<group>";
		};
		6851E43A299CD75D000B5EEF /* 02_01_2023_JSONSerialization_NestedAPIVersion2 */ = {
			isa = PBXGroup;
			children = (
				6851E43B299CD75D000B5EEF /* AppDelegate.swift */,
				6851E43D299CD75D000B5EEF /* SceneDelegate.swift */,
				6851E43F299CD75D000B5EEF /* ViewController.swift */,
				6851E441299CD75D000B5EEF /* Main.storyboard */,
				6851E444299CD75F000B5EEF /* Assets.xcassets */,
				6851E446299CD75F000B5EEF /* LaunchScreen.storyboard */,
				6851E449299CD75F000B5EEF /* Info.plist */,
				6851E44F299CD7ED000B5EEF /* Product.swift */,
				6851E451299CE1CF000B5EEF /* Post.swift */,
				6851E453299CE25C000B5EEF /* PostViewController.swift */,
			);
			path = 02_01_2023_JSONSerialization_NestedAPIVersion2;
			sourceTree = "<group>";
		};
/* End PBXGroup section */

/* Begin PBXNativeTarget section */
		6851E437299CD75D000B5EEF /* 02_01_2023_JSONSerialization_NestedAPIVersion2 */ = {
			isa = PBXNativeTarget;
			buildConfigurationList = 6851E44C299CD75F000B5EEF /* Build configuration list for PBXNativeTarget "02_01_2023_JSONSerialization_NestedAPIVersion2" */;
			buildPhases = (
				6851E434299CD75D000B5EEF /* Sources */,
				6851E435299CD75D000B5EEF /* Frameworks */,
				6851E436299CD75D000B5EEF /* Resources */,
			);
			buildRules = (
			);
			dependencies = (
			);
			name = 02_01_2023_JSONSerialization_NestedAPIVersion2;
			productName = 02_01_2023_JSONSerialization_NestedAPIVersion2;
			productReference = 6851E438299CD75D000B5EEF /* 02_01_2023_JSONSerialization_NestedAPIVersion2.app */;
			productType = "com.apple.product-type.application";
		};
/* End PBXNativeTarget section */

/* Begin PBXProject section */
		6851E430299CD75D000B5EEF /* Project object */ = {
			isa = PBXProject;
			attributes = {
				BuildIndependentTargetsInParallel = 1;
				LastSwiftUpdateCheck = 1400;
				LastUpgradeCheck = 1400;
				TargetAttributes = {
					6851E437299CD75D000B5EEF = {
						CreatedOnToolsVersion = 14.0;
					};
				};
			};
			buildConfigurationList = 6851E433299CD75D000B5EEF /* Build configuration list for PBXProject "02_01_2023_JSONSerialization_NestedAPIVersion2" */;
			compatibilityVersion = "Xcode 14.0";
			developmentRegion = en;
			hasScannedForEncodings = 0;
			knownRegions = (
				en,
				Base,
			);
			mainGroup = 6851E42F299CD75D000B5EEF;
			productRefGroup = 6851E439299CD75D000B5EEF /* Products */;
			projectDirPath = "";
			projectRoot = "";
			targets = (
				6851E437299CD75D000B5EEF /* 02_01_2023_JSONSerialization_NestedAPIVersion2 */,
			);
		};
/* End PBXProject section */

/* Begin PBXResourcesBuildPhase section */
		6851E436299CD75D000B5EEF /* Resources */ = {
			isa = PBXResourcesBuildPhase;
			buildActionMask = 2147483647;
			files = (
				6851E448299CD75F000B5EEF /* LaunchScreen.storyboard in Resources */,
				6851E445299CD75F000B5EEF /* Assets.xcassets in Resources */,
				6851E443299CD75D000B5EEF /* Main.storyboard in Resources */,
			);
			runOnlyForDeploymentPostprocessing = 0;
		};
/* End PBXResourcesBuildPhase section */

/* Begin PBXSourcesBuildPhase section */
		6851E434299CD75D000B5EEF /* Sources */ = {
			isa = PBXSourcesBuildPhase;
			buildActionMask = 2147483647;
			files = (
				6851E454299CE25C000B5EEF /* PostViewController.swift in Sources */,
				6851E440299CD75D000B5EEF /* ViewController.swift in Sources */,
				6851E450299CD7ED000B5EEF /* Product.swift in Sources */,
				6851E43C299CD75D000B5EEF /* AppDelegate.swift in Sources */,
				6851E43E299CD75D000B5EEF /* SceneDelegate.swift in Sources */,
				6851E452299CE1CF000B5EEF /* Post.swift in Sources */,
			);
			runOnlyForDeploymentPostprocessing = 0;
		};
/* End PBXSourcesBuildPhase section */

/* Begin PBXVariantGroup section */
		6851E441299CD75D000B5EEF /* Main.storyboard */ = {
			isa = PBXVariantGroup;
			children = (
				6851E442299CD75D000B5EEF /* Base */,
			);
			name = Main.storyboard;
			sourceTree = "<group>";
		};
		6851E446299CD75F000B5EEF /* LaunchScreen.storyboard */ = {
			isa = PBXVariantGroup;
			children = (
				6851E447299CD75F000B5EEF /* Base */,
			);
			name = LaunchScreen.storyboard;
			sourceTree = "<group>";
		};
/* End PBXVariantGroup section */

/* Begin XCBuildConfiguration section */
		6851E44A299CD75F000B5EEF /* Debug */ = {
			isa = XCBuildConfiguration;
			buildSettings = {
				ALWAYS_SEARCH_USER_PATHS = NO;
				CLANG_ANALYZER_NONNULL = YES;
				CLANG_ANALYZER_NUMBER_OBJECT_CONVERSION = YES_AGGRESSIVE;
				CLANG_CXX_LANGUAGE_STANDARD = "gnu++20";
				CLANG_ENABLE_MODULES = YES;
				CLANG_ENABLE_OBJC_ARC = YES;
				CLANG_ENABLE_OBJC_WEAK = YES;
				CLANG_WARN_BLOCK_CAPTURE_AUTORELEASING = YES;
				CLANG_WARN_BOOL_CONVERSION = YES;
				CLANG_WARN_COMMA = YES;
				CLANG_WARN_CONSTANT_CONVERSION = YES;
				CLANG_WARN_DEPRECATED_OBJC_IMPLEMENTATIONS = YES;
				CLANG_WARN_DIRECT_OBJC_ISA_USAGE = YES_ERROR;
				CLANG_WARN_DOCUMENTATION_COMMENTS = YES;
				CLANG_WARN_EMPTY_BODY = YES;
				CLANG_WARN_ENUM_CONVERSION = YES;
				CLANG_WARN_INFINITE_RECURSION = YES;
				CLANG_WARN_INT_CONVERSION = YES;
				CLANG_WARN_NON_LITERAL_NULL_CONVERSION = YES;
				CLANG_WARN_OBJC_IMPLICIT_RETAIN_SELF = YES;
				CLANG_WARN_OBJC_LITERAL_CONVERSION = YES;
				CLANG_WARN_OBJC_ROOT_CLASS = YES_ERROR;
				CLANG_WARN_QUOTED_INCLUDE_IN_FRAMEWORK_HEADER = YES;
				CLANG_WARN_RANGE_LOOP_ANALYSIS = YES;
				CLANG_WARN_STRICT_PROTOTYPES = YES;
				CLANG_WARN_SUSPICIOUS_MOVE = YES;
				CLANG_WARN_UNGUARDED_AVAILABILITY = YES_AGGRESSIVE;
				CLANG_WARN_UNREACHABLE_CODE = YES;
				CLANG_WARN__DUPLICATE_METHOD_MATCH = YES;
				COPY_PHASE_STRIP = NO;
				DEBUG_INFORMATION_FORMAT = dwarf;
				ENABLE_STRICT_OBJC_MSGSEND = YES;
				ENABLE_TESTABILITY = YES;
				GCC_C_LANGUAGE_STANDARD = gnu11;
				GCC_DYNAMIC_NO_PIC = NO;
				GCC_NO_COMMON_BLOCKS = YES;
				GCC_OPTIMIZATION_LEVEL = 0;
				GCC_PREPROCESSOR_DEFINITIONS = (
					"DEBUG=1",
					"$(inherited)",
				);
				GCC_WARN_64_TO_32_BIT_CONVERSION = YES;
				GCC_WARN_ABOUT_RETURN_TYPE = YES_ERROR;
				GCC_WARN_UNDECLARED_SELECTOR = YES;
				GCC_WARN_UNINITIALIZED_AUTOS = YES_AGGRESSIVE;
				GCC_WARN_UNUSED_FUNCTION = YES;
				GCC_WARN_UNUSED_VARIABLE = YES;
				IPHONEOS_DEPLOYMENT_TARGET = 16.0;
				MTL_ENABLE_DEBUG_INFO = INCLUDE_SOURCE;
				MTL_FAST_MATH = YES;
				ONLY_ACTIVE_ARCH = YES;
				SDKROOT = iphoneos;
				SWIFT_ACTIVE_COMPILATION_CONDITIONS = DEBUG;
				SWIFT_OPTIMIZATION_LEVEL = "-Onone";
			};
			name = Debug;
		};
		6851E44B299CD75F000B5EEF /* Release */ = {
			isa = XCBuildConfiguration;
			buildSettings = {
				ALWAYS_SEARCH_USER_PATHS = NO;
				CLANG_ANALYZER_NONNULL = YES;
				CLANG_ANALYZER_NUMBER_OBJECT_CONVERSION = YES_AGGRESSIVE;
				CLANG_CXX_LANGUAGE_STANDARD = "gnu++20";
				CLANG_ENABLE_MODULES = YES;
				CLANG_ENABLE_OBJC_ARC = YES;
				CLANG_ENABLE_OBJC_WEAK = YES;
				CLANG_WARN_BLOCK_CAPTURE_AUTORELEASING = YES;
				CLANG_WARN_BOOL_CONVERSION = YES;
				CLANG_WARN_COMMA = YES;
				CLANG_WARN_CONSTANT_CONVERSION = YES;
				CLANG_WARN_DEPRECATED_OBJC_IMPLEMENTATIONS = YES;
				CLANG_WARN_DIRECT_OBJC_ISA_USAGE = YES_ERROR;
				CLANG_WARN_DOCUMENTATION_COMMENTS = YES;
				CLANG_WARN_EMPTY_BODY = YES;
				CLANG_WARN_ENUM_CONVERSION = YES;
				CLANG_WARN_INFINITE_RECURSION = YES;
				CLANG_WARN_INT_CONVERSION = YES;
				CLANG_WARN_NON_LITERAL_NULL_CONVERSION = YES;
				CLANG_WARN_OBJC_IMPLICIT_RETAIN_SELF = YES;
				CLANG_WARN_OBJC_LITERAL_CONVERSION = YES;
				CLANG_WARN_OBJC_ROOT_CLASS = YES_ERROR;
				CLANG_WARN_QUOTED_INCLUDE_IN_FRAMEWORK_HEADER = YES;
				CLANG_WARN_RANGE_LOOP_ANALYSIS = YES;
				CLANG_WARN_STRICT_PROTOTYPES = YES;
				CLANG_WARN_SUSPICIOUS_MOVE = YES;
				CLANG_WARN_UNGUARDED_AVAILABILITY = YES_AGGRESSIVE;
				CLANG_WARN_UNREACHABLE_CODE = YES;
				CLANG_WARN__DUPLICATE_METHOD_MATCH = YES;
				COPY_PHASE_STRIP = NO;
				DEBUG_INFORMATION_FORMAT = "dwarf-with-dsym";
				ENABLE_NS_ASSERTIONS = NO;
				ENABLE_STRICT_OBJC_MSGSEND = YES;
				GCC_C_LANGUAGE_STANDARD = gnu11;
				GCC_NO_COMMON_BLOCKS = YES;
				GCC_WARN_64_TO_32_BIT_CONVERSION = YES;
				GCC_WARN_ABOUT_RETURN_TYPE = YES_ERROR;
				GCC_WARN_UNDECLARED_SELECTOR = YES;
				GCC_WARN_UNINITIALIZED_AUTOS = YES_AGGRESSIVE;
				GCC_WARN_UNUSED_FUNCTION = YES;
				GCC_WARN_UNUSED_VARIABLE = YES;
				IPHONEOS_DEPLOYMENT_TARGET = 16.0;
				MTL_ENABLE_DEBUG_INFO = NO;
				MTL_FAST_MATH = YES;
				SDKROOT = iphoneos;
				SWIFT_COMPILATION_MODE = wholemodule;
				SWIFT_OPTIMIZATION_LEVEL = "-O";
				VALIDATE_PRODUCT = YES;
			};
			name = Release;
		};
		6851E44D299CD75F000B5EEF /* Debug */ = {
			isa = XCBuildConfiguration;
			buildSettings = {
				ASSETCATALOG_COMPILER_APPICON_NAME = AppIcon;
				ASSETCATALOG_COMPILER_GLOBAL_ACCENT_COLOR_NAME = AccentColor;
				CODE_SIGN_STYLE = Automatic;
				CURRENT_PROJECT_VERSION = 1;
				DEVELOPMENT_TEAM = V8WE74Y3MG;
				GENERATE_INFOPLIST_FILE = YES;
				INFOPLIST_FILE = 02_01_2023_JSONSerialization_NestedAPIVersion2/Info.plist;
				INFOPLIST_KEY_UIApplicationSupportsIndirectInputEvents = YES;
				INFOPLIST_KEY_UILaunchStoryboardName = LaunchScreen;
				INFOPLIST_KEY_UIMainStoryboardFile = Main;
				INFOPLIST_KEY_UISupportedInterfaceOrientations_iPad = "UIInterfaceOrientationPortrait UIInterfaceOrientationPortraitUpsideDown UIInterfaceOrientationLandscapeLeft UIInterfaceOrientationLandscapeRight";
				INFOPLIST_KEY_UISupportedInterfaceOrientations_iPhone = "UIInterfaceOrientationPortrait UIInterfaceOrientationLandscapeLeft UIInterfaceOrientationLandscapeRight";
				LD_RUNPATH_SEARCH_PATHS = (
					"$(inherited)",
					"@executable_path/Frameworks",
				);
				MARKETING_VERSION = 1.0;
				PRODUCT_BUNDLE_IDENTIFIER = "in.bitcode.-2-01-2023-JSONSerialization-NestedAPIVersion2";
				PRODUCT_NAME = "$(TARGET_NAME)";
				SWIFT_EMIT_LOC_STRINGS = YES;
				SWIFT_VERSION = 5.0;
				TARGETED_DEVICE_FAMILY = "1,2";
			};
			name = Debug;
		};
		6851E44E299CD75F000B5EEF /* Release */ = {
			isa = XCBuildConfiguration;
			buildSettings = {
				ASSETCATALOG_COMPILER_APPICON_NAME = AppIcon;
				ASSETCATALOG_COMPILER_GLOBAL_ACCENT_COLOR_NAME = AccentColor;
				CODE_SIGN_STYLE = Automatic;
				CURRENT_PROJECT_VERSION = 1;
				DEVELOPMENT_TEAM = V8WE74Y3MG;
				GENERATE_INFOPLIST_FILE = YES;
				INFOPLIST_FILE = 02_01_2023_JSONSerialization_NestedAPIVersion2/Info.plist;
				INFOPLIST_KEY_UIApplicationSupportsIndirectInputEvents = YES;
				INFOPLIST_KEY_UILaunchStoryboardName = LaunchScreen;
				INFOPLIST_KEY_UIMainStoryboardFile = Main;
				INFOPLIST_KEY_UISupportedInterfaceOrientations_iPad = "UIInterfaceOrientationPortrait UIInterfaceOrientationPortraitUpsideDown UIInterfaceOrientationLandscapeLeft UIInterfaceOrientationLandscapeRight";
				INFOPLIST_KEY_UISupportedInterfaceOrientations_iPhone = "UIInterfaceOrientationPortrait UIInterfaceOrientationLandscapeLeft UIInterfaceOrientationLandscapeRight";
				LD_RUNPATH_SEARCH_PATHS = (
					"$(inherited)",
					"@executable_path/Frameworks",
				);
				MARKETING_VERSION = 1.0;
				PRODUCT_BUNDLE_IDENTIFIER = "in.bitcode.-2-01-2023-JSONSerialization-NestedAPIVersion2";
				PRODUCT_NAME = "$(TARGET_NAME)";
				SWIFT_EMIT_LOC_STRINGS = YES;
				SWIFT_VERSION = 5.0;
				TARGETED_DEVICE_FAMILY = "1,2";
			};
			name = Release;
		};
/* End XCBuildConfiguration section */

/* Begin XCConfigurationList section */
		6851E433299CD75D000B5EEF /* Build configuration list for PBXProject "02_01_2023_JSONSerialization_NestedAPIVersion2" */ = {
			isa = XCConfigurationList;
			buildConfigurations = (
				6851E44A299CD75F000B5EEF /* Debug */,
				6851E44B299CD75F000B5EEF /* Release */,
			);
			defaultConfigurationIsVisible = 0;
			defaultConfigurationName = Release;
		};
		6851E44C299CD75F000B5EEF /* Build configuration list for PBXNativeTarget "02_01_2023_JSONSerialization_NestedAPIVersion2" */ = {
			isa = XCConfigurationList;
			buildConfigurations = (
				6851E44D299CD75F000B5EEF /* Debug */,
				6851E44E299CD75F000B5EEF /* Release */,
			);
			defaultConfigurationIsVisible = 0;
			defaultConfigurationName = Release;
		};
/* End XCConfigurationList section */
	};
	rootObject = 6851E430299CD75D000B5EEF /* Project object */;
}
